
Microsoft Visual Studio Solution File, Format Version 12.00
# Visual Studio Version 17
VisualStudioVersion = 17.13.35818.85
MinimumVisualStudioVersion = 10.0.40219.1
Project("{FAE04EC0-301F-11D3-BF4B-00C04F79EFBC}") = "MXEngine", "MXEngine\MXEngine.csproj", "{EB207DC5-C528-4F63-8D25-636D9C24D698}"
EndProject
Project("{FAE04EC0-301F-11D3-BF4B-00C04F79EFBC}") = "MXEngine.Graphics", "MXEngine.Graphics\MXEngine.Graphics.csproj", "{A60BD334-2F9A-4C70-8930-8A70603A0A26}"
EndProject
Project("{2150E333-8FDC-42A3-9474-1A3956D46DE8}") = "Core", "Core", "{02EA681E-C7D8-13C7-8484-4AC65E1B71E8}"
EndProject
Project("{2150E333-8FDC-42A3-9474-1A3956D46DE8}") = "Studio", "Studio", "{9036A1CE-12E7-4603-BF5F-FE873E178A58}"
EndProject
Project("{FAE04EC0-301F-11D3-BF4B-00C04F79EFBC}") = "MXEngine.UWP", "MXEngine.UWP\MXEngine.UWP.csproj", "{BBC82763-FEDD-4BD8-B34D-B11E40B00DDE}"
EndProject
Project("{2150E333-8FDC-42A3-9474-1A3956D46DE8}") = "Player", "Player", "{CEDDA5A5-991F-42EB-ADA5-C26F67D52CDB}"
EndProject
Project("{FAE04EC0-301F-11D3-BF4B-00C04F79EFBC}") = "MXEngine.Player.UWP", "MXEngine.Player.UWP\MXEngine.Player.UWP.csproj", "{1CB13855-CF8F-4C65-BDE7-4BDF39FCEA6A}"
EndProject
Project("{FAE04EC0-301F-11D3-BF4B-00C04F79EFBC}") = "MXEngine.Player.Avalonia", "MXEngine.Player.Avalonia\MXEngine.Player.Avalonia.csproj", "{82E9A1F4-B324-C452-76D6-BB38781157A6}"
EndProject
Project("{FAE04EC0-301F-11D3-BF4B-00C04F79EFBC}") = "MXEngine.Player.Avalonia.Desktop", "MXEngine.Player.Avalonia.Desktop\MXEngine.Player.Avalonia.Desktop.csproj", "{E1DB3E39-C093-C1E3-2452-5F770AFA797C}"
EndProject
Global
	GlobalSection(SolutionConfigurationPlatforms) = preSolution
		Debug|Any CPU = Debug|Any CPU
		Debug|ARM = Debug|ARM
		Debug|ARM64 = Debug|ARM64
		Debug|x64 = Debug|x64
		Debug|x86 = Debug|x86
		Release|Any CPU = Release|Any CPU
		Release|ARM = Release|ARM
		Release|ARM64 = Release|ARM64
		Release|x64 = Release|x64
		Release|x86 = Release|x86
	EndGlobalSection
	GlobalSection(ProjectConfigurationPlatforms) = postSolution
		{EB207DC5-C528-4F63-8D25-636D9C24D698}.Debug|Any CPU.ActiveCfg = Debug|Any CPU
		{EB207DC5-C528-4F63-8D25-636D9C24D698}.Debug|Any CPU.Build.0 = Debug|Any CPU
		{EB207DC5-C528-4F63-8D25-636D9C24D698}.Debug|ARM.ActiveCfg = Debug|Any CPU
		{EB207DC5-C528-4F63-8D25-636D9C24D698}.Debug|ARM.Build.0 = Debug|Any CPU
		{EB207DC5-C528-4F63-8D25-636D9C24D698}.Debug|ARM64.ActiveCfg = Debug|Any CPU
		{EB207DC5-C528-4F63-8D25-636D9C24D698}.Debug|ARM64.Build.0 = Debug|Any CPU
		{EB207DC5-C528-4F63-8D25-636D9C24D698}.Debug|x64.ActiveCfg = Debug|x64
		{EB207DC5-C528-4F63-8D25-636D9C24D698}.Debug|x64.Build.0 = Debug|x64
		{EB207DC5-C528-4F63-8D25-636D9C24D698}.Debug|x86.ActiveCfg = Debug|Any CPU
		{EB207DC5-C528-4F63-8D25-636D9C24D698}.Debug|x86.Build.0 = Debug|Any CPU
		{EB207DC5-C528-4F63-8D25-636D9C24D698}.Release|Any CPU.ActiveCfg = Release|Any CPU
		{EB207DC5-C528-4F63-8D25-636D9C24D698}.Release|Any CPU.Build.0 = Release|Any CPU
		{EB207DC5-C528-4F63-8D25-636D9C24D698}.Release|ARM.ActiveCfg = Release|Any CPU
		{EB207DC5-C528-4F63-8D25-636D9C24D698}.Release|ARM.Build.0 = Release|Any CPU
		{EB207DC5-C528-4F63-8D25-636D9C24D698}.Release|ARM64.ActiveCfg = Release|Any CPU
		{EB207DC5-C528-4F63-8D25-636D9C24D698}.Release|ARM64.Build.0 = Release|Any CPU
		{EB207DC5-C528-4F63-8D25-636D9C24D698}.Release|x64.ActiveCfg = Release|x64
		{EB207DC5-C528-4F63-8D25-636D9C24D698}.Release|x64.Build.0 = Release|x64
		{EB207DC5-C528-4F63-8D25-636D9C24D698}.Release|x86.ActiveCfg = Release|Any CPU
		{EB207DC5-C528-4F63-8D25-636D9C24D698}.Release|x86.Build.0 = Release|Any CPU
		{A60BD334-2F9A-4C70-8930-8A70603A0A26}.Debug|Any CPU.ActiveCfg = Debug|Any CPU
		{A60BD334-2F9A-4C70-8930-8A70603A0A26}.Debug|Any CPU.Build.0 = Debug|Any CPU
		{A60BD334-2F9A-4C70-8930-8A70603A0A26}.Debug|ARM.ActiveCfg = Debug|Any CPU
		{A60BD334-2F9A-4C70-8930-8A70603A0A26}.Debug|ARM.Build.0 = Debug|Any CPU
		{A60BD334-2F9A-4C70-8930-8A70603A0A26}.Debug|ARM64.ActiveCfg = Debug|Any CPU
		{A60BD334-2F9A-4C70-8930-8A70603A0A26}.Debug|ARM64.Build.0 = Debug|Any CPU
		{A60BD334-2F9A-4C70-8930-8A70603A0A26}.Debug|x64.ActiveCfg = Debug|x64
		{A60BD334-2F9A-4C70-8930-8A70603A0A26}.Debug|x64.Build.0 = Debug|x64
		{A60BD334-2F9A-4C70-8930-8A70603A0A26}.Debug|x86.ActiveCfg = Debug|Any CPU
		{A60BD334-2F9A-4C70-8930-8A70603A0A26}.Debug|x86.Build.0 = Debug|Any CPU
		{A60BD334-2F9A-4C70-8930-8A70603A0A26}.Release|Any CPU.ActiveCfg = Release|Any CPU
		{A60BD334-2F9A-4C70-8930-8A70603A0A26}.Release|Any CPU.Build.0 = Release|Any CPU
		{A60BD334-2F9A-4C70-8930-8A70603A0A26}.Release|ARM.ActiveCfg = Release|Any CPU
		{A60BD334-2F9A-4C70-8930-8A70603A0A26}.Release|ARM.Build.0 = Release|Any CPU
		{A60BD334-2F9A-4C70-8930-8A70603A0A26}.Release|ARM64.ActiveCfg = Release|Any CPU
		{A60BD334-2F9A-4C70-8930-8A70603A0A26}.Release|ARM64.Build.0 = Release|Any CPU
		{A60BD334-2F9A-4C70-8930-8A70603A0A26}.Release|x64.ActiveCfg = Release|x64
		{A60BD334-2F9A-4C70-8930-8A70603A0A26}.Release|x64.Build.0 = Release|x64
		{A60BD334-2F9A-4C70-8930-8A70603A0A26}.Release|x86.ActiveCfg = Release|Any CPU
		{A60BD334-2F9A-4C70-8930-8A70603A0A26}.Release|x86.Build.0 = Release|Any CPU
		{BBC82763-FEDD-4BD8-B34D-B11E40B00DDE}.Debug|Any CPU.ActiveCfg = Debug|Any CPU
		{BBC82763-FEDD-4BD8-B34D-B11E40B00DDE}.Debug|Any CPU.Build.0 = Debug|Any CPU
		{BBC82763-FEDD-4BD8-B34D-B11E40B00DDE}.Debug|ARM.ActiveCfg = Debug|Any CPU
		{BBC82763-FEDD-4BD8-B34D-B11E40B00DDE}.Debug|ARM.Build.0 = Debug|Any CPU
		{BBC82763-FEDD-4BD8-B34D-B11E40B00DDE}.Debug|ARM64.ActiveCfg = Debug|Any CPU
		{BBC82763-FEDD-4BD8-B34D-B11E40B00DDE}.Debug|ARM64.Build.0 = Debug|Any CPU
		{BBC82763-FEDD-4BD8-B34D-B11E40B00DDE}.Debug|x64.ActiveCfg = Debug|x64
		{BBC82763-FEDD-4BD8-B34D-B11E40B00DDE}.Debug|x64.Build.0 = Debug|x64
		{BBC82763-FEDD-4BD8-B34D-B11E40B00DDE}.Debug|x86.ActiveCfg = Debug|Any CPU
		{BBC82763-FEDD-4BD8-B34D-B11E40B00DDE}.Debug|x86.Build.0 = Debug|Any CPU
		{BBC82763-FEDD-4BD8-B34D-B11E40B00DDE}.Release|Any CPU.ActiveCfg = Release|x64
		{BBC82763-FEDD-4BD8-B34D-B11E40B00DDE}.Release|Any CPU.Build.0 = Release|x64
		{BBC82763-FEDD-4BD8-B34D-B11E40B00DDE}.Release|ARM.ActiveCfg = Release|Any CPU
		{BBC82763-FEDD-4BD8-B34D-B11E40B00DDE}.Release|ARM.Build.0 = Release|Any CPU
		{BBC82763-FEDD-4BD8-B34D-B11E40B00DDE}.Release|ARM64.ActiveCfg = Release|Any CPU
		{BBC82763-FEDD-4BD8-B34D-B11E40B00DDE}.Release|ARM64.Build.0 = Release|Any CPU
		{BBC82763-FEDD-4BD8-B34D-B11E40B00DDE}.Release|x64.ActiveCfg = Release|x64
		{BBC82763-FEDD-4BD8-B34D-B11E40B00DDE}.Release|x64.Build.0 = Release|x64
		{BBC82763-FEDD-4BD8-B34D-B11E40B00DDE}.Release|x86.ActiveCfg = Release|Any CPU
		{BBC82763-FEDD-4BD8-B34D-B11E40B00DDE}.Release|x86.Build.0 = Release|Any CPU
		{1CB13855-CF8F-4C65-BDE7-4BDF39FCEA6A}.Debug|Any CPU.ActiveCfg = Debug|x64
		{1CB13855-CF8F-4C65-BDE7-4BDF39FCEA6A}.Debug|Any CPU.Build.0 = Debug|x64
		{1CB13855-CF8F-4C65-BDE7-4BDF39FCEA6A}.Debug|Any CPU.Deploy.0 = Debug|x64
		{1CB13855-CF8F-4C65-BDE7-4BDF39FCEA6A}.Debug|ARM.ActiveCfg = Debug|x64
		{1CB13855-CF8F-4C65-BDE7-4BDF39FCEA6A}.Debug|ARM.Build.0 = Debug|x64
		{1CB13855-CF8F-4C65-BDE7-4BDF39FCEA6A}.Debug|ARM.Deploy.0 = Debug|x64
		{1CB13855-CF8F-4C65-BDE7-4BDF39FCEA6A}.Debug|ARM64.ActiveCfg = Debug|arm64
		{1CB13855-CF8F-4C65-BDE7-4BDF39FCEA6A}.Debug|ARM64.Build.0 = Debug|arm64
		{1CB13855-CF8F-4C65-BDE7-4BDF39FCEA6A}.Debug|ARM64.Deploy.0 = Debug|arm64
		{1CB13855-CF8F-4C65-BDE7-4BDF39FCEA6A}.Debug|x64.ActiveCfg = Debug|x64
		{1CB13855-CF8F-4C65-BDE7-4BDF39FCEA6A}.Debug|x64.Build.0 = Debug|x64
		{1CB13855-CF8F-4C65-BDE7-4BDF39FCEA6A}.Debug|x64.Deploy.0 = Debug|x64
		{1CB13855-CF8F-4C65-BDE7-4BDF39FCEA6A}.Debug|x86.ActiveCfg = Debug|x86
		{1CB13855-CF8F-4C65-BDE7-4BDF39FCEA6A}.Debug|x86.Build.0 = Debug|x86
		{1CB13855-CF8F-4C65-BDE7-4BDF39FCEA6A}.Debug|x86.Deploy.0 = Debug|x86
		{1CB13855-CF8F-4C65-BDE7-4BDF39FCEA6A}.Release|Any CPU.ActiveCfg = Release|x64
		{1CB13855-CF8F-4C65-BDE7-4BDF39FCEA6A}.Release|Any CPU.Build.0 = Release|x64
		{1CB13855-CF8F-4C65-BDE7-4BDF39FCEA6A}.Release|Any CPU.Deploy.0 = Release|x64
		{1CB13855-CF8F-4C65-BDE7-4BDF39FCEA6A}.Release|ARM.ActiveCfg = Release|x64
		{1CB13855-CF8F-4C65-BDE7-4BDF39FCEA6A}.Release|ARM.Build.0 = Release|x64
		{1CB13855-CF8F-4C65-BDE7-4BDF39FCEA6A}.Release|ARM.Deploy.0 = Release|x64
		{1CB13855-CF8F-4C65-BDE7-4BDF39FCEA6A}.Release|ARM64.ActiveCfg = Release|arm64
		{1CB13855-CF8F-4C65-BDE7-4BDF39FCEA6A}.Release|ARM64.Build.0 = Release|arm64
		{1CB13855-CF8F-4C65-BDE7-4BDF39FCEA6A}.Release|ARM64.Deploy.0 = Release|arm64
		{1CB13855-CF8F-4C65-BDE7-4BDF39FCEA6A}.Release|x64.ActiveCfg = Release|x64
		{1CB13855-CF8F-4C65-BDE7-4BDF39FCEA6A}.Release|x64.Build.0 = Release|x64
		{1CB13855-CF8F-4C65-BDE7-4BDF39FCEA6A}.Release|x64.Deploy.0 = Release|x64
		{1CB13855-CF8F-4C65-BDE7-4BDF39FCEA6A}.Release|x86.ActiveCfg = Release|x86
		{1CB13855-CF8F-4C65-BDE7-4BDF39FCEA6A}.Release|x86.Build.0 = Release|x86
		{1CB13855-CF8F-4C65-BDE7-4BDF39FCEA6A}.Release|x86.Deploy.0 = Release|x86
		{82E9A1F4-B324-C452-76D6-BB38781157A6}.Debug|Any CPU.ActiveCfg = Debug|Any CPU
		{82E9A1F4-B324-C452-76D6-BB38781157A6}.Debug|Any CPU.Build.0 = Debug|Any CPU
		{82E9A1F4-B324-C452-76D6-BB38781157A6}.Debug|ARM.ActiveCfg = Debug|Any CPU
		{82E9A1F4-B324-C452-76D6-BB38781157A6}.Debug|ARM.Build.0 = Debug|Any CPU
		{82E9A1F4-B324-C452-76D6-BB38781157A6}.Debug|ARM64.ActiveCfg = Debug|Any CPU
		{82E9A1F4-B324-C452-76D6-BB38781157A6}.Debug|ARM64.Build.0 = Debug|Any CPU
		{82E9A1F4-B324-C452-76D6-BB38781157A6}.Debug|x64.ActiveCfg = Debug|Any CPU
		{82E9A1F4-B324-C452-76D6-BB38781157A6}.Debug|x64.Build.0 = Debug|Any CPU
		{82E9A1F4-B324-C452-76D6-BB38781157A6}.Debug|x86.ActiveCfg = Debug|Any CPU
		{82E9A1F4-B324-C452-76D6-BB38781157A6}.Debug|x86.Build.0 = Debug|Any CPU
		{82E9A1F4-B324-C452-76D6-BB38781157A6}.Release|Any CPU.ActiveCfg = Release|Any CPU
		{82E9A1F4-B324-C452-76D6-BB38781157A6}.Release|Any CPU.Build.0 = Release|Any CPU
		{82E9A1F4-B324-C452-76D6-BB38781157A6}.Release|ARM.ActiveCfg = Release|Any CPU
		{82E9A1F4-B324-C452-76D6-BB38781157A6}.Release|ARM.Build.0 = Release|Any CPU
		{82E9A1F4-B324-C452-76D6-BB38781157A6}.Release|ARM64.ActiveCfg = Release|Any CPU
		{82E9A1F4-B324-C452-76D6-BB38781157A6}.Release|ARM64.Build.0 = Release|Any CPU
		{82E9A1F4-B324-C452-76D6-BB38781157A6}.Release|x64.ActiveCfg = Release|Any CPU
		{82E9A1F4-B324-C452-76D6-BB38781157A6}.Release|x64.Build.0 = Release|Any CPU
		{82E9A1F4-B324-C452-76D6-BB38781157A6}.Release|x86.ActiveCfg = Release|Any CPU
		{82E9A1F4-B324-C452-76D6-BB38781157A6}.Release|x86.Build.0 = Release|Any CPU
		{E1DB3E39-C093-C1E3-2452-5F770AFA797C}.Debug|Any CPU.ActiveCfg = Debug|Any CPU
		{E1DB3E39-C093-C1E3-2452-5F770AFA797C}.Debug|Any CPU.Build.0 = Debug|Any CPU
		{E1DB3E39-C093-C1E3-2452-5F770AFA797C}.Debug|ARM.ActiveCfg = Debug|Any CPU
		{E1DB3E39-C093-C1E3-2452-5F770AFA797C}.Debug|ARM.Build.0 = Debug|Any CPU
		{E1DB3E39-C093-C1E3-2452-5F770AFA797C}.Debug|ARM64.ActiveCfg = Debug|Any CPU
		{E1DB3E39-C093-C1E3-2452-5F770AFA797C}.Debug|ARM64.Build.0 = Debug|Any CPU
		{E1DB3E39-C093-C1E3-2452-5F770AFA797C}.Debug|x64.ActiveCfg = Debug|Any CPU
		{E1DB3E39-C093-C1E3-2452-5F770AFA797C}.Debug|x64.Build.0 = Debug|Any CPU
		{E1DB3E39-C093-C1E3-2452-5F770AFA797C}.Debug|x86.ActiveCfg = Debug|Any CPU
		{E1DB3E39-C093-C1E3-2452-5F770AFA797C}.Debug|x86.Build.0 = Debug|Any CPU
		{E1DB3E39-C093-C1E3-2452-5F770AFA797C}.Release|Any CPU.ActiveCfg = Release|Any CPU
		{E1DB3E39-C093-C1E3-2452-5F770AFA797C}.Release|Any CPU.Build.0 = Release|Any CPU
		{E1DB3E39-C093-C1E3-2452-5F770AFA797C}.Release|ARM.ActiveCfg = Release|Any CPU
		{E1DB3E39-C093-C1E3-2452-5F770AFA797C}.Release|ARM.Build.0 = Release|Any CPU
		{E1DB3E39-C093-C1E3-2452-5F770AFA797C}.Release|ARM64.ActiveCfg = Release|Any CPU
		{E1DB3E39-C093-C1E3-2452-5F770AFA797C}.Release|ARM64.Build.0 = Release|Any CPU
		{E1DB3E39-C093-C1E3-2452-5F770AFA797C}.Release|x64.ActiveCfg = Release|Any CPU
		{E1DB3E39-C093-C1E3-2452-5F770AFA797C}.Release|x64.Build.0 = Release|Any CPU
		{E1DB3E39-C093-C1E3-2452-5F770AFA797C}.Release|x86.ActiveCfg = Release|Any CPU
		{E1DB3E39-C093-C1E3-2452-5F770AFA797C}.Release|x86.Build.0 = Release|Any CPU
	EndGlobalSection
	GlobalSection(SolutionProperties) = preSolution
		HideSolutionNode = FALSE
	EndGlobalSection
	GlobalSection(NestedProjects) = preSolution
		{EB207DC5-C528-4F63-8D25-636D9C24D698} = {02EA681E-C7D8-13C7-8484-4AC65E1B71E8}
		{A60BD334-2F9A-4C70-8930-8A70603A0A26} = {02EA681E-C7D8-13C7-8484-4AC65E1B71E8}
		{BBC82763-FEDD-4BD8-B34D-B11E40B00DDE} = {02EA681E-C7D8-13C7-8484-4AC65E1B71E8}
		{1CB13855-CF8F-4C65-BDE7-4BDF39FCEA6A} = {CEDDA5A5-991F-42EB-ADA5-C26F67D52CDB}
		{82E9A1F4-B324-C452-76D6-BB38781157A6} = {CEDDA5A5-991F-42EB-ADA5-C26F67D52CDB}
		{E1DB3E39-C093-C1E3-2452-5F770AFA797C} = {CEDDA5A5-991F-42EB-ADA5-C26F67D52CDB}
	EndGlobalSection
	GlobalSection(ExtensibilityGlobals) = postSolution
		SolutionGuid = {7B042765-E60F-423C-8BA4-1318E406386E}
	EndGlobalSection
EndGlobal
