
Microsoft Visual Studio Solution File, Format Version 12.00
# Visual Studio Version 17
VisualStudioVersion = 17.13.35818.85
MinimumVisualStudioVersion = 10.0.40219.1
Project("{FAE04EC0-301F-11D3-BF4B-00C04F79EFBC}") = "MXEngine", "MXEngine\MXEngine.csproj", "{EB207DC5-C528-4F63-8D25-636D9C24D698}"
EndProject
Project("{2150E333-8FDC-42A3-9474-1A3956D46DE8}") = "Core", "Core", "{02EA681E-C7D8-13C7-8484-4AC65E1B71E8}"
EndProject
Project("{2150E333-8FDC-42A3-9474-1A3956D46DE8}") = "Studio", "Studio", "{9036A1CE-12E7-4603-BF5F-FE873E178A58}"
EndProject
Project("{2150E333-8FDC-42A3-9474-1A3956D46DE8}") = "Player", "Player", "{CEDDA5A5-991F-42EB-ADA5-C26F67D52CDB}"
EndProject
Project("{FAE04EC0-301F-11D3-BF4B-00C04F79EFBC}") = "MXEngine.Player", "MXEngine.Player\MXEngine.Player.csproj", "{D22BA95A-90C0-4E3C-AEDD-49CF4FDF6D93}"
EndProject
Global
	GlobalSection(SolutionConfigurationPlatforms) = preSolution
		Debug|Any CPU = Debug|Any CPU
		Debug|ARM = Debug|ARM
		Debug|ARM64 = Debug|ARM64
		Debug|x64 = Debug|x64
		Debug|x86 = Debug|x86
		Release|Any CPU = Release|Any CPU
		Release|ARM = Release|ARM
		Release|ARM64 = Release|ARM64
		Release|x64 = Release|x64
		Release|x86 = Release|x86
	EndGlobalSection
	GlobalSection(ProjectConfigurationPlatforms) = postSolution
		{EB207DC5-C528-4F63-8D25-636D9C24D698}.Debug|Any CPU.ActiveCfg = Debug|Any CPU
		{EB207DC5-C528-4F63-8D25-636D9C24D698}.Debug|Any CPU.Build.0 = Debug|Any CPU
		{EB207DC5-C528-4F63-8D25-636D9C24D698}.Debug|ARM.ActiveCfg = Debug|Any CPU
		{EB207DC5-C528-4F63-8D25-636D9C24D698}.Debug|ARM.Build.0 = Debug|Any CPU
		{EB207DC5-C528-4F63-8D25-636D9C24D698}.Debug|ARM64.ActiveCfg = Debug|Any CPU
		{EB207DC5-C528-4F63-8D25-636D9C24D698}.Debug|ARM64.Build.0 = Debug|Any CPU
		{EB207DC5-C528-4F63-8D25-636D9C24D698}.Debug|x64.ActiveCfg = Debug|x64
		{EB207DC5-C528-4F63-8D25-636D9C24D698}.Debug|x64.Build.0 = Debug|x64
		{EB207DC5-C528-4F63-8D25-636D9C24D698}.Debug|x86.ActiveCfg = Debug|Any CPU
		{EB207DC5-C528-4F63-8D25-636D9C24D698}.Debug|x86.Build.0 = Debug|Any CPU
		{EB207DC5-C528-4F63-8D25-636D9C24D698}.Release|Any CPU.ActiveCfg = Release|Any CPU
		{EB207DC5-C528-4F63-8D25-636D9C24D698}.Release|Any CPU.Build.0 = Release|Any CPU
		{EB207DC5-C528-4F63-8D25-636D9C24D698}.Release|ARM.ActiveCfg = Release|Any CPU
		{EB207DC5-C528-4F63-8D25-636D9C24D698}.Release|ARM.Build.0 = Release|Any CPU
		{EB207DC5-C528-4F63-8D25-636D9C24D698}.Release|ARM64.ActiveCfg = Release|Any CPU
		{EB207DC5-C528-4F63-8D25-636D9C24D698}.Release|ARM64.Build.0 = Release|Any CPU
		{EB207DC5-C528-4F63-8D25-636D9C24D698}.Release|x64.ActiveCfg = Release|x64
		{EB207DC5-C528-4F63-8D25-636D9C24D698}.Release|x64.Build.0 = Release|x64
		{EB207DC5-C528-4F63-8D25-636D9C24D698}.Release|x86.ActiveCfg = Release|Any CPU
		{EB207DC5-C528-4F63-8D25-636D9C24D698}.Release|x86.Build.0 = Release|Any CPU
		{D22BA95A-90C0-4E3C-AEDD-49CF4FDF6D93}.Debug|Any CPU.ActiveCfg = Debug|Any CPU
		{D22BA95A-90C0-4E3C-AEDD-49CF4FDF6D93}.Debug|Any CPU.Build.0 = Debug|Any CPU
		{D22BA95A-90C0-4E3C-AEDD-49CF4FDF6D93}.Debug|ARM.ActiveCfg = Debug|Any CPU
		{D22BA95A-90C0-4E3C-AEDD-49CF4FDF6D93}.Debug|ARM.Build.0 = Debug|Any CPU
		{D22BA95A-90C0-4E3C-AEDD-49CF4FDF6D93}.Debug|ARM64.ActiveCfg = Debug|Any CPU
		{D22BA95A-90C0-4E3C-AEDD-49CF4FDF6D93}.Debug|ARM64.Build.0 = Debug|Any CPU
		{D22BA95A-90C0-4E3C-AEDD-49CF4FDF6D93}.Debug|x64.ActiveCfg = Debug|Any CPU
		{D22BA95A-90C0-4E3C-AEDD-49CF4FDF6D93}.Debug|x64.Build.0 = Debug|Any CPU
		{D22BA95A-90C0-4E3C-AEDD-49CF4FDF6D93}.Debug|x86.ActiveCfg = Debug|Any CPU
		{D22BA95A-90C0-4E3C-AEDD-49CF4FDF6D93}.Debug|x86.Build.0 = Debug|Any CPU
		{D22BA95A-90C0-4E3C-AEDD-49CF4FDF6D93}.Release|Any CPU.ActiveCfg = Release|Any CPU
		{D22BA95A-90C0-4E3C-AEDD-49CF4FDF6D93}.Release|Any CPU.Build.0 = Release|Any CPU
		{D22BA95A-90C0-4E3C-AEDD-49CF4FDF6D93}.Release|ARM.ActiveCfg = Release|Any CPU
		{D22BA95A-90C0-4E3C-AEDD-49CF4FDF6D93}.Release|ARM.Build.0 = Release|Any CPU
		{D22BA95A-90C0-4E3C-AEDD-49CF4FDF6D93}.Release|ARM64.ActiveCfg = Release|Any CPU
		{D22BA95A-90C0-4E3C-AEDD-49CF4FDF6D93}.Release|ARM64.Build.0 = Release|Any CPU
		{D22BA95A-90C0-4E3C-AEDD-49CF4FDF6D93}.Release|x64.ActiveCfg = Release|Any CPU
		{D22BA95A-90C0-4E3C-AEDD-49CF4FDF6D93}.Release|x64.Build.0 = Release|Any CPU
		{D22BA95A-90C0-4E3C-AEDD-49CF4FDF6D93}.Release|x86.ActiveCfg = Release|Any CPU
		{D22BA95A-90C0-4E3C-AEDD-49CF4FDF6D93}.Release|x86.Build.0 = Release|Any CPU
	EndGlobalSection
	GlobalSection(SolutionProperties) = preSolution
		HideSolutionNode = FALSE
	EndGlobalSection
	GlobalSection(NestedProjects) = preSolution
		{EB207DC5-C528-4F63-8D25-636D9C24D698} = {02EA681E-C7D8-13C7-8484-4AC65E1B71E8}
		{D22BA95A-90C0-4E3C-AEDD-49CF4FDF6D93} = {CEDDA5A5-991F-42EB-ADA5-C26F67D52CDB}
	EndGlobalSection
	GlobalSection(ExtensibilityGlobals) = postSolution
		SolutionGuid = {7B042765-E60F-423C-8BA4-1318E406386E}
	EndGlobalSection
EndGlobal
